PODS:
  - FlexBoxKit (0.1.0):
    - Ono (~> 2.1.0)
    - YogaKit (~> 1.7)
  - Ono (2.1.1)
  - Yoga (1.9.0)
  - YogaKit (1.9.0):
    - Yoga (~> 1.9)

DEPENDENCIES:
  - FlexBoxKit (from `../`)

SPEC REPOS:
  https://github.com/cocoapods/specs.git:
    - Ono
    - Yoga
    - YogaKit

EXTERNAL SOURCES:
  FlexBoxKit:
    :path: "../"

SPEC CHECKSUMS:
  FlexBoxKit: af753be4b4f54f49240ac213abd0dba624758859
  Ono: 13c25831a4a66b30df93bd1fa57cf70f13c62699
  Yoga: aaae8abea68951f60bee05f6277d3eed90bb91bb
  YogaKit: d447a9bb808718e6f58e52a2255a8050081a3ead

PODFILE CHECKSUM: 6043090fb402a703ee9516a5b12e16e64c167270

COCOAPODS: 1.5.3
